dependencies:
  espressif/mdns:
    component_hash: 5c148bc0996305bcf111c465bba021a8155d4247b0d9353c39da9b44a91ca381
    dependencies:
    - name: idf
      require: private
      version: '>=5.0'
    source:
      registry_url: https://components.espressif.com/
      type: service
    version: 1.9.0
  idf:
    source:
      type: idf
    version: 6.0.0
direct_dependencies:
- espressif/mdns
manifest_hash: 9711c3122d24047ab1c53fa6dcdb02ea8a00758f09848397dd7a862163eec226
target: esp32
version: 2.0.0
